Microsoft Visual Studio Solution File, Format Version 11.00
# Visual Studio 2008

Project("{46465C62-7B92-9831-8FDE-7D4FBEDB59B6}") = "Tanks2D", "Assembly-CSharp.csproj", "{3584F38B-445B-BC35-BA14-CA95C58D0BC4}"
EndProject
Global
	GlobalSection(SolutionConfigurationPlatforms) = preSolution
		Debug|Any CPU = Debug|Any CPU
		Release|Any CPU = Release|Any CPU
	EndGlobalSection
	GlobalSection(ProjectConfigurationPlatforms) = postSolution
		{3584F38B-445B-BC35-BA14-CA95C58D0BC4}.Debug|Any CPU.ActiveCfg = Debug|Any CPU
		{3584F38B-445B-BC35-BA14-CA95C58D0BC4}.Debug|Any CPU.Build.0 = Debug|Any CPU
		{3584F38B-445B-BC35-BA14-CA95C58D0BC4}.Release|Any CPU.ActiveCfg = Release|Any CPU
		{3584F38B-445B-BC35-BA14-CA95C58D0BC4}.Release|Any CPU.Build.0 = Release|Any CPU
	EndGlobalSection
	GlobalSection(SolutionProperties) = preSolution
		HideSolutionNode = FALSE
	EndGlobalSection
	GlobalSection(MonoDevelopProperties) = preSolution
		StartupItem = Assembly-CSharp.csproj
	EndGlobalSection
EndGlobal
